{
  "originHash" : "7161318b2bc0355f73a584bad0ca194420cc4410565e5b44755364bd60563b63",
  "pins" : [
    {
      "identity" : "codescanner",
      "kind" : "remoteSourceControl",
      "location" : "https://github.com/twostraws/CodeScanner",
      "state" : {
        "revision" : "5e886430238944c7200fc9e10dbf2d9550dba865",
        "version" : "2.5.2"
      }
    },
    {
      "identity" : "elegant-emoji-picker",
      "kind" : "remoteSourceControl",
      "location" : "https://github.com/Finalet/Elegant-Emoji-Picker",
      "state" : {
        "branch" : "main",
        "revision" : "31605313f26a5997495aba6906b1c5bf8bf7b124"
      }
    },
    {
      "identity" : "licenselist",
      "kind" : "remoteSourceControl",
      "location" : "https://github.com/cybozu/LicenseList.git",
      "state" : {
        "revision" : "6740b7c6372d26c89bae227b5e9ee9793064e816",
        "version" : "2.3.0"
      }
    },
    {
      "identity" : "simplekeychain",
      "kind" : "remoteSourceControl",
      "location" : "https://github.com/auth0/SimpleKeychain",
      "state" : {
        "revision" : "776c4a6db74d5c6c143974be91c383680d468630",
        "version" : "1.3.0"
      }
    }
  ],
  "version" : 3
}
